
Microsoft Visual Studio Solution File, Format Version 12.00
# Visual Studio 2012
Project("{FAE04EC0-301F-11D3-BF4B-00C04F79EFBC}") = "MicroBreweryLibrary", "MicroBreweryConsole\MicroBreweryLibrary.csproj", "{845627E8-6CF7-43C5-A98D-856446D810DC}"
EndProject
Global
	GlobalSection(SolutionConfigurationPlatforms) = preSolution
		Debug|Any CPU = Debug|Any CPU
		Release|Any CPU = Release|Any CPU
	EndGlobalSection
	GlobalSection(ProjectConfigurationPlatforms) = postSolution
		{845627E8-6CF7-43C5-A98D-856446D810DC}.Debug|Any CPU.ActiveCfg = Debug|Any CPU
		{845627E8-6CF7-43C5-A98D-856446D810DC}.Debug|Any CPU.Build.0 = Debug|Any CPU
		{845627E8-6CF7-43C5-A98D-856446D810DC}.Release|Any CPU.ActiveCfg = Release|Any CPU
		{845627E8-6CF7-43C5-A98D-856446D810DC}.Release|Any CPU.Build.0 = Release|Any CPU
	EndGlobalSection
	GlobalSection(SolutionProperties) = preSolution
		HideSolutionNode = FALSE
	EndGlobalSection
EndGlobal
